// !$*UTF8*$!
{
	archiveVersion = 1;
	classes = {
	};
	objectVersion = 50;
	objects = {

/* Begin PBXBuildFile section */
		DC1218362173C4EB001DA3D9 /* instagramView.swift in Sources */ = {isa = PBXBuildFile; fileRef = DC1218352173C4EB001DA3D9 /* instagramView.swift */; };
		DC454E45216FDD33008486CB /* AppDelegate.swift in Sources */ = {isa = PBXBuildFile; fileRef = DC454E44216FDD33008486CB /* AppDelegate.swift */; };
		DC454E47216FDD33008486CB /* mainView.swift in Sources */ = {isa = PBXBuildFile; fileRef = DC454E46216FDD33008486CB /* mainView.swift */; };
		DC454E4A216FDD33008486CB /* Main.storyboard in Resources */ = {isa = PBXBuildFile; fileRef = DC454E48216FDD33008486CB /* Main.storyboard */; };
		DC454E4C216FDD34008486CB /* Assets.xcassets in Resources */ = {isa = PBXBuildFile; fileRef = DC454E4B216FDD34008486CB /* Assets.xcassets */; };
		DC454E4F216FDD34008486CB /* LaunchScreen.storyboard in Resources */ = {isa = PBXBuildFile; fileRef = DC454E4D216FDD34008486CB /* LaunchScreen.storyboard */; };
		DC454E57216FDF6B008486CB /* joinView.swift in Sources */ = {isa = PBXBuildFile; fileRef = DC454E56216FDF6B008486CB /* joinView.swift */; };
		DC454E59216FDFC1008486CB /* loginView.swift in Sources */ = {isa = PBXBuildFile; fileRef = DC454E58216FDFC1008486CB /* loginView.swift */; };
/* End PBXBuildFile section */

/* Begin PBXFileReference section */
		DC1218352173C4EB001DA3D9 /* instagramView.swift */ = {isa = PBXFileReference; lastKnownFileType = sourcecode.swift; path = instagramView.swift; sourceTree = "<group>"; };
		DC454E41216FDD33008486CB /* homework_1st_psh.app */ = {isa = PBXFileReference; explicitFileType = wrapper.application; includeInIndex = 0; path = homework_1st_psh.app; sourceTree = BUILT_PRODUCTS_DIR; };
		DC454E44216FDD33008486CB /* AppDelegate.swift */ = {isa = PBXFileReference; lastKnownFileType = sourcecode.swift; path = AppDelegate.swift; sourceTree = "<group>"; };
		DC454E46216FDD33008486CB /* mainView.swift */ = {isa = PBXFileReference; lastKnownFileType = sourcecode.swift; path = mainView.swift; sourceTree = "<group>"; };
		DC454E49216FDD33008486CB /* Base */ = {isa = PBXFileReference; lastKnownFileType = file.storyboard; name = Base; path = Base.lproj/Main.storyboard; sourceTree = "<group>"; };
		DC454E4B216FDD34008486CB /* Assets.xcassets */ = {isa = PBXFileReference; lastKnownFileType = folder.assetcatalog; path = Assets.xcassets; sourceTree = "<group>"; };
		DC454E4E216FDD34008486CB /* Base */ = {isa = PBXFileReference; lastKnownFileType = file.storyboard; name = Base; path = Base.lproj/LaunchScreen.storyboard; sourceTree = "<group>"; };
		DC454E50216FDD34008486CB /* Info.plist */ = {isa = PBXFileReference; lastKnownFileType = text.plist.xml; path = Info.plist; sourceTree = "<group>"; };
		DC454E56216FDF6B008486CB /* joinView.swift */ = {isa = PBXFileReference; lastKnownFileType = sourcecode.swift; path = joinView.swift; sourceTree = "<group>"; };
		DC454E58216FDFC1008486CB /* loginView.swift */ = {isa = PBXFileReference; lastKnownFileType = sourcecode.swift; path = loginView.swift; sourceTree = "<group>"; };
/* End PBXFileReference section */

/* Begin PBXFrameworksBuildPhase section */
		DC454E3E216FDD33008486CB /* Frameworks */ = {
			isa = PBXFrameworksBuildPhase;
			buildActionMask = 2147483647;
			files = (
			);
			runOnlyForDeploymentPostprocessing = 0;
		};
/* End PBXFrameworksBuildPhase section */

/* Begin PBXGroup section */
		DC454E38216FDD33008486CB = {
			isa = PBXGroup;
			children = (
				DC454E43216FDD33008486CB /* homework_1st_psh */,
				DC454E42216FDD33008486CB /* Products */,
			);
			sourceTree = "<group>";
		};
		DC454E42216FDD33008486CB /* Products */ = {
			isa = PBXGroup;
			children = (
				DC454E41216FDD33008486CB /* homework_1st_psh.app */,
			);
			name = Products;
			sourceTree = "<group>";
		};
		DC454E43216FDD33008486CB /* homework_1st_psh */ = {
			isa = PBXGroup;
			children = (
				DC454E44216FDD33008486CB /* AppDelegate.swift */,
				DC454E46216FDD33008486CB /* mainView.swift */,
				DC454E56216FDF6B008486CB /* joinView.swift */,
				DC454E58216FDFC1008486CB /* loginView.swift */,
				DC454E48216FDD33008486CB /* Main.storyboard */,
				DC454E4B216FDD34008486CB /* Assets.xcassets */,
				DC454E4D216FDD34008486CB /* LaunchScreen.storyboard */,
				DC454E50216FDD34008486CB /* Info.plist */,
				DC1218352173C4EB001DA3D9 /* instagramView.swift */,
			);
			path = homework_1st_psh;
			sourceTree = "<group>";
		};
/* End PBXGroup section */

/* Begin PBXNativeTarget section */
		DC454E40216FDD33008486CB /* homework_1st_psh */ = {
			isa = PBXNativeTarget;
			buildConfigurationList = DC454E53216FDD34008486CB /* Build configuration list for PBXNativeTarget "homework_1st_psh" */;
			buildPhases = (
				DC454E3D216FDD33008486CB /* Sources */,
				DC454E3E216FDD33008486CB /* Frameworks */,
				DC454E3F216FDD33008486CB /* Resources */,
			);
			buildRules = (
			);
			dependencies = (
			);
			name = homework_1st_psh;
			productName = homework_1st_psh;
			productReference = DC454E41216FDD33008486CB /* homework_1st_psh.app */;
			productType = "com.apple.product-type.application";
		};
/* End PBXNativeTarget section */

/* Begin PBXProject section */
		DC454E39216FDD33008486CB /* Project object */ = {
			isa = PBXProject;
			attributes = {
				LastSwiftUpdateCheck = 1000;
				LastUpgradeCheck = 1000;
				ORGANIZATIONNAME = "박소현";
				TargetAttributes = {
					DC454E40216FDD33008486CB = {
						CreatedOnToolsVersion = 10.0;
					};
				};
			};
			buildConfigurationList = DC454E3C216FDD33008486CB /* Build configuration list for PBXProject "homework_1st_psh" */;
			compatibilityVersion = "Xcode 9.3";
			developmentRegion = en;
			hasScannedForEncodings = 0;
			knownRegions = (
				en,
				Base,
			);
			mainGroup = DC454E38216FDD33008486CB;
			productRefGroup = DC454E42216FDD33008486CB /* Products */;
			projectDirPath = "";
			projectRoot = "";
			targets = (
				DC454E40216FDD33008486CB /* homework_1st_psh */,
			);
		};
/* End PBXProject section */

/* Begin PBXResourcesBuildPhase section */
		DC454E3F216FDD33008486CB /* Resources */ = {
			isa = PBXResourcesBuildPhase;
			buildActionMask = 2147483647;
			files = (
				DC454E4F216FDD34008486CB /* LaunchScreen.storyboard in Resources */,
				DC454E4C216FDD34008486CB /* Assets.xcassets in Resources */,
				DC454E4A216FDD33008486CB /* Main.storyboard in Resources */,
			);
			runOnlyForDeploymentPostprocessing = 0;
		};
/* End PBXResourcesBuildPhase section */

/* Begin PBXSourcesBuildPhase section */
		DC454E3D216FDD33008486CB /* Sources */ = {
			isa = PBXSourcesBuildPhase;
			buildActionMask = 2147483647;
			files = (
				DC454E57216FDF6B008486CB /* joinView.swift in Sources */,
				DC1218362173C4EB001DA3D9 /* instagramView.swift in Sources */,
				DC454E47216FDD33008486CB /* mainView.swift in Sources */,
				DC454E59216FDFC1008486CB /* loginView.swift in Sources */,
				DC454E45216FDD33008486CB /* AppDelegate.swift in Sources */,
			);
			runOnlyForDeploymentPostprocessing = 0;
		};
/* End PBXSourcesBuildPhase section */

/* Begin PBXVariantGroup section */
		DC454E48216FDD33008486CB /* Main.storyboard */ = {
			isa = PBXVariantGroup;
			children = (
				DC454E49216FDD33008486CB /* Base */,
			);
			name = Main.storyboard;
			sourceTree = "<group>";
		};
		DC454E4D216FDD34008486CB /* LaunchScreen.storyboard */ = {
			isa = PBXVariantGroup;
			children = (
				DC454E4E216FDD34008486CB /* Base */,
			);
			name = LaunchScreen.storyboard;
			sourceTree = "<group>";
		};
/* End PBXVariantGroup section */

/* Begin XCBuildConfiguration section */
		DC454E51216FDD34008486CB /* Debug */ = {
			isa = XCBuildConfiguration;
			buildSettings = {
				ALWAYS_SEARCH_USER_PATHS = NO;
				CLANG_ANALYZER_NONNULL = YES;
				CLANG_ANALYZER_NUMBER_OBJECT_CONVERSION = YES_AGGRESSIVE;
				CLANG_CXX_LANGUAGE_STANDARD = "gnu++14";
				CLANG_CXX_LIBRARY = "libc++";
				CLANG_ENABLE_MODULES = YES;
				CLANG_ENABLE_OBJC_ARC = YES;
				CLANG_ENABLE_OBJC_WEAK = YES;
				CLANG_WARN_BLOCK_CAPTURE_AUTORELEASING = YES;
				CLANG_WARN_BOOL_CONVERSION = YES;
				CLANG_WARN_COMMA = YES;
				CLANG_WARN_CONSTANT_CONVERSION = YES;
				CLANG_WARN_DEPRECATED_OBJC_IMPLEMENTATIONS = YES;
				CLANG_WARN_DIRECT_OBJC_ISA_USAGE = YES_ERROR;
				CLANG_WARN_DOCUMENTATION_COMMENTS = YES;
				CLANG_WARN_EMPTY_BODY = YES;
				CLANG_WARN_ENUM_CONVERSION = YES;
				CLANG_WARN_INFINITE_RECURSION = YES;
				CLANG_WARN_INT_CONVERSION = YES;
				CLANG_WARN_NON_LITERAL_NULL_CONVERSION = YES;
				CLANG_WARN_OBJC_IMPLICIT_RETAIN_SELF = YES;
				CLANG_WARN_OBJC_LITERAL_CONVERSION = YES;
				CLANG_WARN_OBJC_ROOT_CLASS = YES_ERROR;
				CLANG_WARN_RANGE_LOOP_ANALYSIS = YES;
				CLANG_WARN_STRICT_PROTOTYPES = YES;
				CLANG_WARN_SUSPICIOUS_MOVE = YES;
				CLANG_WARN_UNGUARDED_AVAILABILITY = YES_AGGRESSIVE;
				CLANG_WARN_UNREACHABLE_CODE = YES;
				CLANG_WARN__DUPLICATE_METHOD_MATCH = YES;
				CODE_SIGN_IDENTITY = "iPhone Developer";
				COPY_PHASE_STRIP = NO;
				DEBUG_INFORMATION_FORMAT = dwarf;
				ENABLE_STRICT_OBJC_MSGSEND = YES;
				ENABLE_TESTABILITY = YES;
				GCC_C_LANGUAGE_STANDARD = gnu11;
				GCC_DYNAMIC_NO_PIC = NO;
				GCC_NO_COMMON_BLOCKS = YES;
				GCC_OPTIMIZATION_LEVEL = 0;
				GCC_PREPROCESSOR_DEFINITIONS = (
					"DEBUG=1",
					"$(inherited)",
				);
				GCC_WARN_64_TO_32_BIT_CONVERSION = YES;
				GCC_WARN_ABOUT_RETURN_TYPE = YES_ERROR;
				GCC_WARN_UNDECLARED_SELECTOR = YES;
				GCC_WARN_UNINITIALIZED_AUTOS = YES_AGGRESSIVE;
				GCC_WARN_UNUSED_FUNCTION = YES;
				GCC_WARN_UNUSED_VARIABLE = YES;
				IPHONEOS_DEPLOYMENT_TARGET = 12.0;
				MTL_ENABLE_DEBUG_INFO = INCLUDE_SOURCE;
				MTL_FAST_MATH = YES;
				ONLY_ACTIVE_ARCH = YES;
				SDKROOT = iphoneos;
				SWIFT_ACTIVE_COMPILATION_CONDITIONS = DEBUG;
				SWIFT_OPTIMIZATION_LEVEL = "-Onone";
			};
			name = Debug;
		};
		DC454E52216FDD34008486CB /* Release */ = {
			isa = XCBuildConfiguration;
			buildSettings = {
				ALWAYS_SEARCH_USER_PATHS = NO;
				CLANG_ANALYZER_NONNULL = YES;
				CLANG_ANALYZER_NUMBER_OBJECT_CONVERSION = YES_AGGRESSIVE;
				CLANG_CXX_LANGUAGE_STANDARD = "gnu++14";
				CLANG_CXX_LIBRARY = "libc++";
				CLANG_ENABLE_MODULES = YES;
				CLANG_ENABLE_OBJC_ARC = YES;
				CLANG_ENABLE_OBJC_WEAK = YES;
				CLANG_WARN_BLOCK_CAPTURE_AUTORELEASING = YES;
				CLANG_WARN_BOOL_CONVERSION = YES;
				CLANG_WARN_COMMA = YES;
				CLANG_WARN_CONSTANT_CONVERSION = YES;
				CLANG_WARN_DEPRECATED_OBJC_IMPLEMENTATIONS = YES;
				CLANG_WARN_DIRECT_OBJC_ISA_USAGE = YES_ERROR;
				CLANG_WARN_DOCUMENTATION_COMMENTS = YES;
				CLANG_WARN_EMPTY_BODY = YES;
				CLANG_WARN_ENUM_CONVERSION = YES;
				CLANG_WARN_INFINITE_RECURSION = YES;
				CLANG_WARN_INT_CONVERSION = YES;
				CLANG_WARN_NON_LITERAL_NULL_CONVERSION = YES;
				CLANG_WARN_OBJC_IMPLICIT_RETAIN_SELF = YES;
				CLANG_WARN_OBJC_LITERAL_CONVERSION = YES;
				CLANG_WARN_OBJC_ROOT_CLASS = YES_ERROR;
				CLANG_WARN_RANGE_LOOP_ANALYSIS = YES;
				CLANG_WARN_STRICT_PROTOTYPES = YES;
				CLANG_WARN_SUSPICIOUS_MOVE = YES;
				CLANG_WARN_UNGUARDED_AVAILABILITY = YES_AGGRESSIVE;
				CLANG_WARN_UNREACHABLE_CODE = YES;
				CLANG_WARN__DUPLICATE_METHOD_MATCH = YES;
				CODE_SIGN_IDENTITY = "iPhone Developer";
				COPY_PHASE_STRIP = NO;
				DEBUG_INFORMATION_FORMAT = "dwarf-with-dsym";
				ENABLE_NS_ASSERTIONS = NO;
				ENABLE_STRICT_OBJC_MSGSEND = YES;
				GCC_C_LANGUAGE_STANDARD = gnu11;
				GCC_NO_COMMON_BLOCKS = YES;
				GCC_WARN_64_TO_32_BIT_CONVERSION = YES;
				GCC_WARN_ABOUT_RETURN_TYPE = YES_ERROR;
				GCC_WARN_UNDECLARED_SELECTOR = YES;
				GCC_WARN_UNINITIALIZED_AUTOS = YES_AGGRESSIVE;
				GCC_WARN_UNUSED_FUNCTION = YES;
				GCC_WARN_UNUSED_VARIABLE = YES;
				IPHONEOS_DEPLOYMENT_TARGET = 12.0;
				MTL_ENABLE_DEBUG_INFO = NO;
				MTL_FAST_MATH = YES;
				SDKROOT = iphoneos;
				SWIFT_COMPILATION_MODE = wholemodule;
				SWIFT_OPTIMIZATION_LEVEL = "-O";
				VALIDATE_PRODUCT = YES;
			};
			name = Release;
		};
		DC454E54216FDD34008486CB /* Debug */ = {
			isa = XCBuildConfiguration;
			buildSettings = {
				ASSETCATALOG_COMPILER_APPICON_NAME = AppIcon;
				CODE_SIGN_STYLE = Automatic;
				INFOPLIST_FILE = homework_1st_psh/Info.plist;
				LD_RUNPATH_SEARCH_PATHS = (
					"$(inherited)",
					"@executable_path/Frameworks",
				);
				PRODUCT_BUNDLE_IDENTIFIER = "sohyeon.homework-1st-psh";
				PRODUCT_NAME = "$(TARGET_NAME)";
				SWIFT_VERSION = 4.2;
				TARGETED_DEVICE_FAMILY = "1,2";
			};
			name = Debug;
		};
		DC454E55216FDD34008486CB /* Release */ = {
			isa = XCBuildConfiguration;
			buildSettings = {
				ASSETCATALOG_COMPILER_APPICON_NAME = AppIcon;
				CODE_SIGN_STYLE = Automatic;
				INFOPLIST_FILE = homework_1st_psh/Info.plist;
				LD_RUNPATH_SEARCH_PATHS = (
					"$(inherited)",
					"@executable_path/Frameworks",
				);
				PRODUCT_BUNDLE_IDENTIFIER = "sohyeon.homework-1st-psh";
				PRODUCT_NAME = "$(TARGET_NAME)";
				SWIFT_VERSION = 4.2;
				TARGETED_DEVICE_FAMILY = "1,2";
			};
			name = Release;
		};
/* End XCBuildConfiguration section */

/* Begin XCConfigurationList section */
		DC454E3C216FDD33008486CB /* Build configuration list for PBXProject "homework_1st_psh" */ = {
			isa = XCConfigurationList;
			buildConfigurations = (
				DC454E51216FDD34008486CB /* Debug */,
				DC454E52216FDD34008486CB /* Release */,
			);
			defaultConfigurationIsVisible = 0;
			defaultConfigurationName = Release;
		};
		DC454E53216FDD34008486CB /* Build configuration list for PBXNativeTarget "homework_1st_psh" */ = {
			isa = XCConfigurationList;
			buildConfigurations = (
				DC454E54216FDD34008486CB /* Debug */,
				DC454E55216FDD34008486CB /* Release */,
			);
			defaultConfigurationIsVisible = 0;
			defaultConfigurationName = Release;
		};
/* End XCConfigurationList section */
	};
	rootObject = DC454E39216FDD33008486CB /* Project object */;
}
